<Solution>
  <Folder Name="/claude/">
    <File Path="CLAUDE.md" />
  </Folder>
  <Folder Name="/files/" />
  <Folder Name="/spike/">
    <Project Path="spike/ScriptingSpike/ScriptingSpike.csproj" />
  </Folder>
  <Folder Name="/extensions/">
    <Project Path="extensions\Dmon.Extensions.Omlx\Dmon.Extensions.Omlx.csproj" />
  </Folder>
  <Folder Name="/src/">
    <Project Path="src\Dmon.Abstractions\Dmon.Abstractions.csproj" />
    <Project Path="src\Dmon.Console\Dmon.Console.csproj" />
    <Project Path="src\Dmon.Core\Dmon.Core.csproj" />
    <Project Path="src\Dmon.BuiltinTools\Dmon.BuiltinTools.csproj" />
    <Project Path="src\Dmon.Extensions\Dmon.Extensions.csproj" />
    <Project Path="src\Dmon.Protocol\Dmon.Protocol.csproj" />
    <Project Path="src\Dmon.Providers\Dmon.Providers.csproj" />
  </Folder>
  <Folder Name="/test/">
    <Project Path="test\Dmon.Core.Tests\Dmon.Core.Tests.csproj" />
    <Project Path="test\Dmon.Extensions.Tests\Dmon.Extensions.Tests.csproj" />
    <Project Path="test\Dmon.Protocol.Tests\Dmon.Protocol.Tests.csproj" />
    <Project Path="test\Dmon.BuiltinTools.Tests\Dmon.BuiltinTools.Tests.csproj" />
    <Project Path="test\Dmon.Providers.Tests\Dmon.Providers.Tests.csproj" />
    <Project Path="test\Dmon.Extensions.Omlx.Tests\Dmon.Extensions.Omlx.Tests.csproj" />
  </Folder>
</Solution>
