<Solution>
  <Folder Name="/claude/">
    <File Path="CLAUDE.md" />
  </Folder>
  <Folder Name="/files/">
    <File Path="Makefile" />
  </Folder>
  <Folder Name="/samples/" />
  <Folder Name="/samples/Dmon.ComposedCore/">
    <File Path="samples\Dmon.ComposedCore\Dmon.cs" />
    <File Path="samples\Dmon.ComposedCore\nuget.config" />
  </Folder>
  <Folder Name="/samples/Dmon.ExtensionSmoke/">
    <File Path="samples\Dmon.ExtensionSmoke\Dmon.ExtensionSmoke.csproj" />
    <File Path="samples\Dmon.ExtensionSmoke\nuget.config" />
    <File Path="samples\Dmon.ExtensionSmoke\SmokeExtension.cs" />
  </Folder>
  <Folder Name="/samples/Dmon.SampleExtension/">
    <File Path="samples\Dmon.SampleExtension\Dmon.SampleExtension.csproj" />
    <File Path="samples\Dmon.SampleExtension\GreetingExtension.cs" />
    <File Path="samples\Dmon.SampleExtension\nuget.config" />
  </Folder>
  <Folder Name="/spike/">
    <Project Path="spike/ScriptingSpike/ScriptingSpike.csproj" />
  </Folder>
  <Folder Name="/extensions/">
    <Project Path="extensions\Dmon.Extensions.Omlx\Dmon.Extensions.Omlx.csproj" />
  </Folder>
  <Folder Name="/src/">
    <Project Path="src\Dmon.Abstractions\Dmon.Abstractions.csproj" />
    <Project Path="src\Dmon.Terminal\Dmon.Terminal.csproj" />
    <Project Path="src\Dmon.Core\Dmon.Core.csproj" />
    <Project Path="src\Dmon.BuiltinTools\Dmon.BuiltinTools.csproj" />
    <Project Path="src\Dmon.Protocol\Dmon.Protocol.csproj" />
    <Project Path="src\Dmon.Protocol.SchemaGen\Dmon.Protocol.SchemaGen.csproj" />
    <Project Path="src\Dmon.Providers.Anthropic\Dmon.Providers.Anthropic.csproj" />
    <Project Path="src\Dmon.Providers.OpenAI\Dmon.Providers.OpenAI.csproj" />
    <Project Path="src\Dmon.Providers.Gemini\Dmon.Providers.Gemini.csproj" />
    <Project Path="src\Dmon.Providers.Ollama\Dmon.Providers.Ollama.csproj" />
    <Project Path="src\Dmon.Memory\Dmon.Memory.csproj" />
    <Project Path="src\Dmon.Runtime\Dmon.Runtime.csproj" />
    <Project Path="src\Dmon.Gateway\Dmon.Gateway.csproj" />
  </Folder>
  <Folder Name="/test/">
    <Project Path="test\Dmon.Core.Tests\Dmon.Core.Tests.csproj" />
    <Project Path="test\Dmon.Extensions.Tests\Dmon.Extensions.Tests.csproj" />
    <Project Path="test\Dmon.Protocol.Tests\Dmon.Protocol.Tests.csproj" />
    <Project Path="test\Dmon.BuiltinTools.Tests\Dmon.BuiltinTools.Tests.csproj" />
    <Project Path="test\Dmon.Providers.Tests\Dmon.Providers.Tests.csproj" />
    <Project Path="test\Dmon.Extensions.Omlx.Tests\Dmon.Extensions.Omlx.Tests.csproj" />
    <Project Path="test\Dmon.Terminal.Tests\Dmon.Terminal.Tests.csproj" />
    <Project Path="test\Dmon.Memory.Tests\Dmon.Memory.Tests.csproj" />
    <Project Path="test\Dmon.Runtime.Tests\Dmon.Runtime.Tests.csproj" />
    <Project Path="test\Dmon.Gateway.Tests\Dmon.Gateway.Tests.csproj" />
  </Folder>
</Solution>
