<Solution>
  <Folder Name="/providers/">
    <Project Path="providers\Dmon.Providers.Anthropic\Dmon.Providers.Anthropic.csproj" />
    <Project Path="providers\Dmon.Providers.Gemini\Dmon.Providers.Gemini.csproj" />
    <Project Path="providers\Dmon.Providers.Ollama\Dmon.Providers.Ollama.csproj" />
    <Project Path="providers\Dmon.Providers.OpenAI\Dmon.Providers.OpenAI.csproj" />
    <Project Path="providers\Dmon.Providers.Omlx\Dmon.Providers.Omlx.csproj" />
    <Project Path="providers\Dmon.Providers.LlamaCpp\Dmon.Providers.LlamaCpp.csproj" />
  </Folder>
  <Folder Name="/test/">
    <Project Path="test\Dmon.Providers.Tests\Dmon.Providers.Tests.csproj" />
    <Project Path="test\Dmon.Providers.Omlx.Tests\Dmon.Providers.Omlx.Tests.csproj" />
    <Project Path="test\Dmon.Providers.LlamaCpp.Tests\Dmon.Providers.LlamaCpp.Tests.csproj" />
  </Folder>
</Solution>
